// !$*UTF8*$!
{
	archiveVersion = 1;
	classes = {
	};
	objectVersion = 46;
	objects = {

/* Begin PBXBuildFile section */
		0C68A86E1EAE1D43001DD601 /* main.m in Sources */ = {isa = PBXBuildFile; fileRef = 0C68A86D1EAE1D43001DD601 /* main.m */; };
		0C68A8711EAE1D43001DD601 /* AppDelegate.m in Sources */ = {isa = PBXBuildFile; fileRef = 0C68A8701EAE1D43001DD601 /* AppDelegate.m */; };
		0C68A8791EAE1D43001DD601 /* Assets.xcassets in Resources */ = {isa = PBXBuildFile; fileRef = 0C68A8781EAE1D43001DD601 /* Assets.xcassets */; };
		0C68A8871EAE1D44001DD601 /* WZSDKTests.m in Sources */ = {isa = PBXBuildFile; fileRef = 0C68A8861EAE1D44001DD601 /* WZSDKTests.m */; };
		0C68A8921EAE1D44001DD601 /* WZSDKUITests.m in Sources */ = {isa = PBXBuildFile; fileRef = 0C68A8911EAE1D44001DD601 /* WZSDKUITests.m */; };
		0C68A8C71EAE221E001DD601 /* LaunchScreen.xib in Resources */ = {isa = PBXBuildFile; fileRef = 0C68A8C51EAE221E001DD601 /* LaunchScreen.xib */; };
		0C68A8E41EAE68A8001DD601 /* SVIndefiniteAnimatedView.m in Sources */ = {isa = PBXBuildFile; fileRef = 0C68A8E01EAE68A8001DD601 /* SVIndefiniteAnimatedView.m */; };
		0C68A8E51EAE68A8001DD601 /* SVProgressHUD.bundle in Resources */ = {isa = PBXBuildFile; fileRef = 0C68A8E11EAE68A8001DD601 /* SVProgressHUD.bundle */; };
		0C68A8E61EAE68A8001DD601 /* SVProgressHUD.m in Sources */ = {isa = PBXBuildFile; fileRef = 0C68A8E31EAE68A8001DD601 /* SVProgressHUD.m */; };
		36C9CF851EDE988E008E116A /* dfuwzV1.1.5.zip in Resources */ = {isa = PBXBuildFile; fileRef = 36C9CF841EDE988E008E116A /* dfuwzV1.1.5.zip */; };
		36E91DE21ED6CDB400982C33 /* dfuwzV1.1.4.zip in Resources */ = {isa = PBXBuildFile; fileRef = 36E91DE11ED6CDB400982C33 /* dfuwzV1.1.4.zip */; };
		36EF15C01EDB0028009C82B2 /* dfuwzV1.1.3.zip in Resources */ = {isa = PBXBuildFile; fileRef = 36EF15BF1EDB0028009C82B2 /* dfuwzV1.1.3.zip */; };
		4C45393C1EE93EC200641038 /* BabyBluetooth.m in Sources */ = {isa = PBXBuildFile; fileRef = 4C4539251EE93EC200641038 /* BabyBluetooth.m */; };
		4C45393D1EE93EC200641038 /* BabyCallback.m in Sources */ = {isa = PBXBuildFile; fileRef = 4C4539271EE93EC200641038 /* BabyCallback.m */; };
		4C45393E1EE93EC200641038 /* BabyCentralManager.m in Sources */ = {isa = PBXBuildFile; fileRef = 4C4539291EE93EC200641038 /* BabyCentralManager.m */; };
		4C45393F1EE93EC200641038 /* BabyDefine.m in Sources */ = {isa = PBXBuildFile; fileRef = 4C45392B1EE93EC200641038 /* BabyDefine.m */; };
		4C4539401EE93EC200641038 /* BabyOptions.m in Sources */ = {isa = PBXBuildFile; fileRef = 4C45392D1EE93EC200641038 /* BabyOptions.m */; };
		4C4539411EE93EC200641038 /* BabyPeripheralManager.m in Sources */ = {isa = PBXBuildFile; fileRef = 4C45392F1EE93EC200641038 /* BabyPeripheralManager.m */; };
		4C4539421EE93EC200641038 /* BabyRhythm.m in Sources */ = {isa = PBXBuildFile; fileRef = 4C4539311EE93EC200641038 /* BabyRhythm.m */; };
		4C4539431EE93EC200641038 /* BabySpeaker.m in Sources */ = {isa = PBXBuildFile; fileRef = 4C4539331EE93EC200641038 /* BabySpeaker.m */; };
		4C4539441EE93EC200641038 /* BabyToy.m in Sources */ = {isa = PBXBuildFile; fileRef = 4C4539351EE93EC200641038 /* BabyToy.m */; };
		4C4539451EE93EC200641038 /* WZBleSDKInterface.m in Sources */ = {isa = PBXBuildFile; fileRef = 4C4539371EE93EC200641038 /* WZBleSDKInterface.m */; };
		4C4539461EE93EC200641038 /* WZBluetooh.m in Sources */ = {isa = PBXBuildFile; fileRef = 4C4539391EE93EC200641038 /* WZBluetooh.m */; };
		4C4539481EE93F0F00641038 /* dfuwzV1.1.6.zip in Resources */ = {isa = PBXBuildFile; fileRef = 4C4539471EE93F0F00641038 /* dfuwzV1.1.6.zip */; };
		4C45395A1EE93F4900641038 /* HistoryInfoCell.m in Sources */ = {isa = PBXBuildFile; fileRef = 4C4539551EE93F4900641038 /* HistoryInfoCell.m */; };
		4C45395B1EE93F4900641038 /* HistoryInfoCell.xib in Resources */ = {isa = PBXBuildFile; fileRef = 4C4539561EE93F4900641038 /* HistoryInfoCell.xib */; };
		4C45395C1EE93F4900641038 /* HistoryViewController.m in Sources */ = {isa = PBXBuildFile; fileRef = 4C4539581EE93F4900641038 /* HistoryViewController.m */; };
		4C45395D1EE93F4900641038 /* HistoryViewController.xib in Resources */ = {isa = PBXBuildFile; fileRef = 4C4539591EE93F4900641038 /* HistoryViewController.xib */; };
		4C4539641EE93F5200641038 /* DemoViewController.m in Sources */ = {isa = PBXBuildFile; fileRef = 4C45395F1EE93F5200641038 /* DemoViewController.m */; };
		4C4539651EE93F5200641038 /* DemoViewController.xib in Resources */ = {isa = PBXBuildFile; fileRef = 4C4539601EE93F5200641038 /* DemoViewController.xib */; };
		4C4539661EE93F5200641038 /* DeviceCell.m in Sources */ = {isa = PBXBuildFile; fileRef = 4C4539621EE93F5200641038 /* DeviceCell.m */; };
		4C4539671EE93F5200641038 /* DeviceCell.xib in Resources */ = {isa = PBXBuildFile; fileRef = 4C4539631EE93F5200641038 /* DeviceCell.xib */; };
		4C45396B1EE93F5C00641038 /* InfoCell.m in Sources */ = {isa = PBXBuildFile; fileRef = 4C4539691EE93F5C00641038 /* InfoCell.m */; };
		4C45396C1EE93F5C00641038 /* InfoCell.xib in Resources */ = {isa = PBXBuildFile; fileRef = 4C45396A1EE93F5C00641038 /* InfoCell.xib */; };
		4C45396F1EE93F6700641038 /* ResultViewController.m in Sources */ = {isa = PBXBuildFile; fileRef = 4C45396E1EE93F6700641038 /* ResultViewController.m */; };
		4C9BE39C1EEA871E00CFC87A /* WZBleData.m in Sources */ = {isa = PBXBuildFile; fileRef = 4C9BE3921EEA871E00CFC87A /* WZBleData.m */; };
		4C9BE39D1EEA871E00CFC87A /* WZBleDevice.m in Sources */ = {isa = PBXBuildFile; fileRef = 4C9BE3941EEA871E00CFC87A /* WZBleDevice.m */; };
		4C9BE39E1EEA871E00CFC87A /* WZBleDeviceTools.m in Sources */ = {isa = PBXBuildFile; fileRef = 4C9BE3961EEA871E00CFC87A /* WZBleDeviceTools.m */; };
		4C9BE39F1EEA871E00CFC87A /* WZBleSDKBaseInterface.m in Sources */ = {isa = PBXBuildFile; fileRef = 4C9BE3991EEA871E00CFC87A /* WZBleSDKBaseInterface.m */; };
		4C9BE3A01EEA871E00CFC87A /* WZHistoryModel.m in Sources */ = {isa = PBXBuildFile; fileRef = 4C9BE39B1EEA871E00CFC87A /* WZHistoryModel.m */; };
		52A7D2E01EF3C5090078BF99 /* dfuwzV1.2.2.zip in Resources */ = {isa = PBXBuildFile; fileRef = 52A7D2DF1EF3C5090078BF99 /* dfuwzV1.2.2.zip */; };
		BF03A3C3ADC60882D49B7C4B /* Pods_WZSDK.framework in Frameworks */ = {isa = PBXBuildFile; fileRef = AA77655478A806434093A558 /* Pods_WZSDK.framework */; };
/* End PBXBuildFile section */

/* Begin PBXContainerItemProxy section */
		0C68A8831EAE1D44001DD601 /* PBXContainerItemProxy */ = {
			isa = PBXContainerItemProxy;
			containerPortal = 0C68A8611EAE1D43001DD601 /* Project object */;
			proxyType = 1;
			remoteGlobalIDString = 0C68A8681EAE1D43001DD601;
			remoteInfo = WZSDK;
		};
		0C68A88E1EAE1D44001DD601 /* PBXContainerItemProxy */ = {
			isa = PBXContainerItemProxy;
			containerPortal = 0C68A8611EAE1D43001DD601 /* Project object */;
			proxyType = 1;
			remoteGlobalIDString = 0C68A8681EAE1D43001DD601;
			remoteInfo = WZSDK;
		};
/* End PBXContainerItemProxy section */

/* Begin PBXCopyFilesBuildPhase section */
		BF7C56EA1EC8412000A09084 /* Embed Frameworks */ = {
			isa = PBXCopyFilesBuildPhase;
			buildActionMask = 2147483647;
			dstPath = "";
			dstSubfolderSpec = 10;
			files = (
			);
			name = "Embed Frameworks";
			runOnlyForDeploymentPostprocessing = 0;
		};
/* End PBXCopyFilesBuildPhase section */

/* Begin PBXFileReference section */
		0C68A8691EAE1D43001DD601 /* WZSDK.app */ = {isa = PBXFileReference; explicitFileType = wrapper.application; includeInIndex = 0; path = WZSDK.app; sourceTree = BUILT_PRODUCTS_DIR; };
		0C68A86D1EAE1D43001DD601 /* main.m */ = {isa = PBXFileReference; lastKnownFileType = sourcecode.c.objc; path = main.m; sourceTree = "<group>"; };
		0C68A86F1EAE1D43001DD601 /* AppDelegate.h */ = {isa = PBXFileReference; lastKnownFileType = sourcecode.c.h; path = AppDelegate.h; sourceTree = "<group>"; };
		0C68A8701EAE1D43001DD601 /* AppDelegate.m */ = {isa = PBXFileReference; lastKnownFileType = sourcecode.c.objc; path = AppDelegate.m; sourceTree = "<group>"; };
		0C68A8781EAE1D43001DD601 /* Assets.xcassets */ = {isa = PBXFileReference; lastKnownFileType = folder.assetcatalog; path = Assets.xcassets; sourceTree = "<group>"; };
		0C68A87D1EAE1D44001DD601 /* Info.plist */ = {isa = PBXFileReference; lastKnownFileType = text.plist.xml; path = Info.plist; sourceTree = "<group>"; };
		0C68A8821EAE1D44001DD601 /* WZSDKTests.xctest */ = {isa = PBXFileReference; explicitFileType = wrapper.cfbundle; includeInIndex = 0; path = WZSDKTests.xctest; sourceTree = BUILT_PRODUCTS_DIR; };
		0C68A8861EAE1D44001DD601 /* WZSDKTests.m */ = {isa = PBXFileReference; lastKnownFileType = sourcecode.c.objc; path = WZSDKTests.m; sourceTree = "<group>"; };
		0C68A8881EAE1D44001DD601 /* Info.plist */ = {isa = PBXFileReference; lastKnownFileType = text.plist.xml; path = Info.plist; sourceTree = "<group>"; };
		0C68A88D1EAE1D44001DD601 /* WZSDKUITests.xctest */ = {isa = PBXFileReference; explicitFileType = wrapper.cfbundle; includeInIndex = 0; path = WZSDKUITests.xctest; sourceTree = BUILT_PRODUCTS_DIR; };
		0C68A8911EAE1D44001DD601 /* WZSDKUITests.m */ = {isa = PBXFileReference; lastKnownFileType = sourcecode.c.objc; path = WZSDKUITests.m; sourceTree = "<group>"; };
		0C68A8931EAE1D44001DD601 /* Info.plist */ = {isa = PBXFileReference; lastKnownFileType = text.plist.xml; path = Info.plist; sourceTree = "<group>"; };
		0C68A8C61EAE221E001DD601 /* Base */ = {isa = PBXFileReference; lastKnownFileType = file.xib; name = Base; path = Base.lproj/LaunchScreen.xib; sourceTree = "<group>"; };
		0C68A8DF1EAE68A8001DD601 /* SVIndefiniteAnimatedView.h */ = {isa = PBXFileReference; fileEncoding = 4; lastKnownFileType = sourcecode.c.h; path = SVIndefiniteAnimatedView.h; sourceTree = "<group>"; };
		0C68A8E01EAE68A8001DD601 /* SVIndefiniteAnimatedView.m */ = {isa = PBXFileReference; fileEncoding = 4; lastKnownFileType = sourcecode.c.objc; path = SVIndefiniteAnimatedView.m; sourceTree = "<group>"; };
		0C68A8E11EAE68A8001DD601 /* SVProgressHUD.bundle */ = {isa = PBXFileReference; lastKnownFileType = "wrapper.plug-in"; path = SVProgressHUD.bundle; sourceTree = "<group>"; };
		0C68A8E21EAE68A8001DD601 /* SVProgressHUD.h */ = {isa = PBXFileReference; fileEncoding = 4; lastKnownFileType = sourcecode.c.h; path = SVProgressHUD.h; sourceTree = "<group>"; };
		0C68A8E31EAE68A8001DD601 /* SVProgressHUD.m */ = {isa = PBXFileReference; fileEncoding = 4; lastKnownFileType = sourcecode.c.objc; path = SVProgressHUD.m; sourceTree = "<group>"; };
		36C9CF841EDE988E008E116A /* dfuwzV1.1.5.zip */ = {isa = PBXFileReference; lastKnownFileType = archive.zip; path = dfuwzV1.1.5.zip; sourceTree = "<group>"; };
		36E91DE11ED6CDB400982C33 /* dfuwzV1.1.4.zip */ = {isa = PBXFileReference; lastKnownFileType = archive.zip; path = dfuwzV1.1.4.zip; sourceTree = "<group>"; };
		36EF15BF1EDB0028009C82B2 /* dfuwzV1.1.3.zip */ = {isa = PBXFileReference; lastKnownFileType = archive.zip; path = dfuwzV1.1.3.zip; sourceTree = "<group>"; };
		4C4539241EE93EC200641038 /* BabyBluetooth.h */ = {isa = PBXFileReference; fileEncoding = 4; lastKnownFileType = sourcecode.c.h; path = BabyBluetooth.h; sourceTree = "<group>"; };
		4C4539251EE93EC200641038 /* BabyBluetooth.m */ = {isa = PBXFileReference; fileEncoding = 4; lastKnownFileType = sourcecode.c.objc; path = BabyBluetooth.m; sourceTree = "<group>"; };
		4C4539261EE93EC200641038 /* BabyCallback.h */ = {isa = PBXFileReference; fileEncoding = 4; lastKnownFileType = sourcecode.c.h; path = BabyCallback.h; sourceTree = "<group>"; };
		4C4539271EE93EC200641038 /* BabyCallback.m */ = {isa = PBXFileReference; fileEncoding = 4; lastKnownFileType = sourcecode.c.objc; path = BabyCallback.m; sourceTree = "<group>"; };
		4C4539281EE93EC200641038 /* BabyCentralManager.h */ = {isa = PBXFileReference; fileEncoding = 4; lastKnownFileType = sourcecode.c.h; path = BabyCentralManager.h; sourceTree = "<group>"; };
		4C4539291EE93EC200641038 /* BabyCentralManager.m */ = {isa = PBXFileReference; fileEncoding = 4; lastKnownFileType = sourcecode.c.objc; path = BabyCentralManager.m; sourceTree = "<group>"; };
		4C45392A1EE93EC200641038 /* BabyDefine.h */ = {isa = PBXFileReference; fileEncoding = 4; lastKnownFileType = sourcecode.c.h; path = BabyDefine.h; sourceTree = "<group>"; };
		4C45392B1EE93EC200641038 /* BabyDefine.m */ = {isa = PBXFileReference; fileEncoding = 4; lastKnownFileType = sourcecode.c.objc; path = BabyDefine.m; sourceTree = "<group>"; };
		4C45392C1EE93EC200641038 /* BabyOptions.h */ = {isa = PBXFileReference; fileEncoding = 4; lastKnownFileType = sourcecode.c.h; path = BabyOptions.h; sourceTree = "<group>"; };
		4C45392D1EE93EC200641038 /* BabyOptions.m */ = {isa = PBXFileReference; fileEncoding = 4; lastKnownFileType = sourcecode.c.objc; path = BabyOptions.m; sourceTree = "<group>"; };
		4C45392E1EE93EC200641038 /* BabyPeripheralManager.h */ = {isa = PBXFileReference; fileEncoding = 4; lastKnownFileType = sourcecode.c.h; path = BabyPeripheralManager.h; sourceTree = "<group>"; };
		4C45392F1EE93EC200641038 /* BabyPeripheralManager.m */ = {isa = PBXFileReference; fileEncoding = 4; lastKnownFileType = sourcecode.c.objc; path = BabyPeripheralManager.m; sourceTree = "<group>"; };
		4C4539301EE93EC200641038 /* BabyRhythm.h */ = {isa = PBXFileReference; fileEncoding = 4; lastKnownFileType = sourcecode.c.h; path = BabyRhythm.h; sourceTree = "<group>"; };
		4C4539311EE93EC200641038 /* BabyRhythm.m */ = {isa = PBXFileReference; fileEncoding = 4; lastKnownFileType = sourcecode.c.objc; path = BabyRhythm.m; sourceTree = "<group>"; };
		4C4539321EE93EC200641038 /* BabySpeaker.h */ = {isa = PBXFileReference; fileEncoding = 4; lastKnownFileType = sourcecode.c.h; path = BabySpeaker.h; sourceTree = "<group>"; };
		4C4539331EE93EC200641038 /* BabySpeaker.m */ = {isa = PBXFileReference; fileEncoding = 4; lastKnownFileType = sourcecode.c.objc; path = BabySpeaker.m; sourceTree = "<group>"; };
		4C4539341EE93EC200641038 /* BabyToy.h */ = {isa = PBXFileReference; fileEncoding = 4; lastKnownFileType = sourcecode.c.h; path = BabyToy.h; sourceTree = "<group>"; };
		4C4539351EE93EC200641038 /* BabyToy.m */ = {isa = PBXFileReference; fileEncoding = 4; lastKnownFileType = sourcecode.c.objc; path = BabyToy.m; sourceTree = "<group>"; };
		4C4539361EE93EC200641038 /* WZBleSDKInterface.h */ = {isa = PBXFileReference; fileEncoding = 4; lastKnownFileType = sourcecode.c.h; path = WZBleSDKInterface.h; sourceTree = "<group>"; };
		4C4539371EE93EC200641038 /* WZBleSDKInterface.m */ = {isa = PBXFileReference; fileEncoding = 4; lastKnownFileType = sourcecode.c.objc; path = WZBleSDKInterface.m; sourceTree = "<group>"; };
		4C4539381EE93EC200641038 /* WZBluetooh.h */ = {isa = PBXFileReference; fileEncoding = 4; lastKnownFileType = sourcecode.c.h; path = WZBluetooh.h; sourceTree = "<group>"; };
		4C4539391EE93EC200641038 /* WZBluetooh.m */ = {isa = PBXFileReference; fileEncoding = 4; lastKnownFileType = sourcecode.c.objc; path = WZBluetooh.m; sourceTree = "<group>"; };
		4C4539471EE93F0F00641038 /* dfuwzV1.1.6.zip */ = {isa = PBXFileReference; lastKnownFileType = archive.zip; path = dfuwzV1.1.6.zip; sourceTree = "<group>"; };
		4C4539541EE93F4900641038 /* HistoryInfoCell.h */ = {isa = PBXFileReference; fileEncoding = 4; lastKnownFileType = sourcecode.c.h; path = HistoryInfoCell.h; sourceTree = "<group>"; };
		4C4539551EE93F4900641038 /* HistoryInfoCell.m */ = {isa = PBXFileReference; fileEncoding = 4; lastKnownFileType = sourcecode.c.objc; path = HistoryInfoCell.m; sourceTree = "<group>"; };
		4C4539561EE93F4900641038 /* HistoryInfoCell.xib */ = {isa = PBXFileReference; fileEncoding = 4; lastKnownFileType = file.xib; path = HistoryInfoCell.xib; sourceTree = "<group>"; };
		4C4539571EE93F4900641038 /* HistoryViewController.h */ = {isa = PBXFileReference; fileEncoding = 4; lastKnownFileType = sourcecode.c.h; path = HistoryViewController.h; sourceTree = "<group>"; };
		4C4539581EE93F4900641038 /* HistoryViewController.m */ = {isa = PBXFileReference; fileEncoding = 4; lastKnownFileType = sourcecode.c.objc; path = HistoryViewController.m; sourceTree = "<group>"; };
		4C4539591EE93F4900641038 /* HistoryViewController.xib */ = {isa = PBXFileReference; fileEncoding = 4; lastKnownFileType = file.xib; path = HistoryViewController.xib; sourceTree = "<group>"; };
		4C45395E1EE93F5200641038 /* DemoViewController.h */ = {isa = PBXFileReference; fileEncoding = 4; lastKnownFileType = sourcecode.c.h; path = DemoViewController.h; sourceTree = "<group>"; };
		4C45395F1EE93F5200641038 /* DemoViewController.m */ = {isa = PBXFileReference; fileEncoding = 4; lastKnownFileType = sourcecode.c.objc; path = DemoViewController.m; sourceTree = "<group>"; };
		4C4539601EE93F5200641038 /* DemoViewController.xib */ = {isa = PBXFileReference; fileEncoding = 4; lastKnownFileType = file.xib; path = DemoViewController.xib; sourceTree = "<group>"; };
		4C4539611EE93F5200641038 /* DeviceCell.h */ = {isa = PBXFileReference; fileEncoding = 4; lastKnownFileType = sourcecode.c.h; path = DeviceCell.h; sourceTree = "<group>"; };
		4C4539621EE93F5200641038 /* DeviceCell.m */ = {isa = PBXFileReference; fileEncoding = 4; lastKnownFileType = sourcecode.c.objc; path = DeviceCell.m; sourceTree = "<group>"; };
		4C4539631EE93F5200641038 /* DeviceCell.xib */ = {isa = PBXFileReference; fileEncoding = 4; lastKnownFileType = file.xib; path = DeviceCell.xib; sourceTree = "<group>"; };
		4C4539681EE93F5C00641038 /* InfoCell.h */ = {isa = PBXFileReference; fileEncoding = 4; lastKnownFileType = sourcecode.c.h; path = InfoCell.h; sourceTree = "<group>"; };
		4C4539691EE93F5C00641038 /* InfoCell.m */ = {isa = PBXFileReference; fileEncoding = 4; lastKnownFileType = sourcecode.c.objc; path = InfoCell.m; sourceTree = "<group>"; };
		4C45396A1EE93F5C00641038 /* InfoCell.xib */ = {isa = PBXFileReference; fileEncoding = 4; lastKnownFileType = file.xib; path = InfoCell.xib; sourceTree = "<group>"; };
		4C45396D1EE93F6700641038 /* ResultViewController.h */ = {isa = PBXFileReference; fileEncoding = 4; lastKnownFileType = sourcecode.c.h; path = ResultViewController.h; sourceTree = "<group>"; };
		4C45396E1EE93F6700641038 /* ResultViewController.m */ = {isa = PBXFileReference; fileEncoding = 4; lastKnownFileType = sourcecode.c.objc; path = ResultViewController.m; sourceTree = "<group>"; };
		4C9BE3911EEA871E00CFC87A /* WZBleData.h */ = {isa = PBXFileReference; fileEncoding = 4; lastKnownFileType = sourcecode.c.h; path = WZBleData.h; sourceTree = "<group>"; };
		4C9BE3921EEA871E00CFC87A /* WZBleData.m */ = {isa = PBXFileReference; fileEncoding = 4; lastKnownFileType = sourcecode.c.objc; path = WZBleData.m; sourceTree = "<group>"; };
		4C9BE3931EEA871E00CFC87A /* WZBleDevice.h */ = {isa = PBXFileReference; fileEncoding = 4; lastKnownFileType = sourcecode.c.h; path = WZBleDevice.h; sourceTree = "<group>"; };
		4C9BE3941EEA871E00CFC87A /* WZBleDevice.m */ = {isa = PBXFileReference; fileEncoding = 4; lastKnownFileType = sourcecode.c.objc; path = WZBleDevice.m; sourceTree = "<group>"; };
		4C9BE3951EEA871E00CFC87A /* WZBleDeviceTools.h */ = {isa = PBXFileReference; fileEncoding = 4; lastKnownFileType = sourcecode.c.h; path = WZBleDeviceTools.h; sourceTree = "<group>"; };
		4C9BE3961EEA871E00CFC87A /* WZBleDeviceTools.m */ = {isa = PBXFileReference; fileEncoding = 4; lastKnownFileType = sourcecode.c.objc; path = WZBleDeviceTools.m; sourceTree = "<group>"; };
		4C9BE3971EEA871E00CFC87A /* WZBleSDK.h */ = {isa = PBXFileReference; fileEncoding = 4; lastKnownFileType = sourcecode.c.h; path = WZBleSDK.h; sourceTree = "<group>"; };
		4C9BE3981EEA871E00CFC87A /* WZBleSDKBaseInterface.h */ = {isa = PBXFileReference; fileEncoding = 4; lastKnownFileType = sourcecode.c.h; path = WZBleSDKBaseInterface.h; sourceTree = "<group>"; };
		4C9BE3991EEA871E00CFC87A /* WZBleSDKBaseInterface.m */ = {isa = PBXFileReference; fileEncoding = 4; lastKnownFileType = sourcecode.c.objc; path = WZBleSDKBaseInterface.m; sourceTree = "<group>"; };
		4C9BE39A1EEA871E00CFC87A /* WZHistoryModel.h */ = {isa = PBXFileReference; fileEncoding = 4; lastKnownFileType = sourcecode.c.h; path = WZHistoryModel.h; sourceTree = "<group>"; };
		4C9BE39B1EEA871E00CFC87A /* WZHistoryModel.m */ = {isa = PBXFileReference; fileEncoding = 4; lastKnownFileType = sourcecode.c.objc; path = WZHistoryModel.m; sourceTree = "<group>"; };
		52A7D2DF1EF3C5090078BF99 /* dfuwzV1.2.2.zip */ = {isa = PBXFileReference; lastKnownFileType = archive.zip; path = dfuwzV1.2.2.zip; sourceTree = "<group>"; };
		AA77655478A806434093A558 /* Pods_WZSDK.framework */ = {isa = PBXFileReference; explicitFileType = wrapper.framework; includeInIndex = 0; path = Pods_WZSDK.framework; sourceTree = BUILT_PRODUCTS_DIR; };
		D132C8A258BE345D8EC011C9 /* Pods-WZSDK.release.xcconfig */ = {isa = PBXFileReference; includeInIndex = 1; lastKnownFileType = text.xcconfig; name = "Pods-WZSDK.release.xcconfig"; path = "Pods/Target Support Files/Pods-WZSDK/Pods-WZSDK.release.xcconfig"; sourceTree = "<group>"; };
		F2305DA2EB3652EF6B377E9B /* Pods-WZSDK.debug.xcconfig */ = {isa = PBXFileReference; includeInIndex = 1; lastKnownFileType = text.xcconfig; name = "Pods-WZSDK.debug.xcconfig"; path = "Pods/Target Support Files/Pods-WZSDK/Pods-WZSDK.debug.xcconfig"; sourceTree = "<group>"; };
/* End PBXFileReference section */

/* Begin PBXFrameworksBuildPhase section */
		0C68A8661EAE1D43001DD601 /* Frameworks */ = {
			isa = PBXFrameworksBuildPhase;
			buildActionMask = 2147483647;
			files = (
				BF03A3C3ADC60882D49B7C4B /* Pods_WZSDK.framework in Frameworks */,
			);
			runOnlyForDeploymentPostprocessing = 0;
		};
		0C68A87F1EAE1D44001DD601 /* Frameworks */ = {
			isa = PBXFrameworksBuildPhase;
			buildActionMask = 2147483647;
			files = (
			);
			runOnlyForDeploymentPostprocessing = 0;
		};
		0C68A88A1EAE1D44001DD601 /* Frameworks */ = {
			isa = PBXFrameworksBuildPhase;
			buildActionMask = 2147483647;
			files = (
			);
			runOnlyForDeploymentPostprocessing = 0;
		};
/* End PBXFrameworksBuildPhase section */

/* Begin PBXGroup section */
		0C68A8601EAE1D43001DD601 = {
			isa = PBXGroup;
			children = (
				0C68A86B1EAE1D43001DD601 /* WZSDK */,
				0C68A8851EAE1D44001DD601 /* WZSDKTests */,
				0C68A8901EAE1D44001DD601 /* WZSDKUITests */,
				0C68A86A1EAE1D43001DD601 /* Products */,
				76EAF3DDC4C5364ADD5B4124 /* Frameworks */,
				938D0E9D843B15799CEEE060 /* Pods */,
			);
			sourceTree = "<group>";
		};
		0C68A86A1EAE1D43001DD601 /* Products */ = {
			isa = PBXGroup;
			children = (
				0C68A8691EAE1D43001DD601 /* WZSDK.app */,
				0C68A8821EAE1D44001DD601 /* WZSDKTests.xctest */,
				0C68A88D1EAE1D44001DD601 /* WZSDKUITests.xctest */,
			);
			name = Products;
			sourceTree = "<group>";
		};
		0C68A86B1EAE1D43001DD601 /* WZSDK */ = {
			isa = PBXGroup;
			children = (
				4C4539531EE93F3B00641038 /* NewDemo */,
				4C4539161EE93EC200641038 /* BleSDK */,
				36C9CF841EDE988E008E116A /* dfuwzV1.1.5.zip */,
				36EF15BF1EDB0028009C82B2 /* dfuwzV1.1.3.zip */,
				36E91DE11ED6CDB400982C33 /* dfuwzV1.1.4.zip */,
				4C4539471EE93F0F00641038 /* dfuwzV1.1.6.zip */,
				52A7D2DF1EF3C5090078BF99 /* dfuwzV1.2.2.zip */,
				0C68A8C41EAE1EF7001DD601 /* other */,
				0C68A8DE1EAE68A8001DD601 /* SVProgressHUD */,
			);
			path = WZSDK;
			sourceTree = "<group>";
		};
		0C68A86C1EAE1D43001DD601 /* Supporting Files */ = {
			isa = PBXGroup;
			children = (
				0C68A86D1EAE1D43001DD601 /* main.m */,
			);
			name = "Supporting Files";
			sourceTree = "<group>";
		};
		0C68A8851EAE1D44001DD601 /* WZSDKTests */ = {
			isa = PBXGroup;
			children = (
				0C68A8861EAE1D44001DD601 /* WZSDKTests.m */,
				0C68A8881EAE1D44001DD601 /* Info.plist */,
			);
			path = WZSDKTests;
			sourceTree = "<group>";
		};
		0C68A8901EAE1D44001DD601 /* WZSDKUITests */ = {
			isa = PBXGroup;
			children = (
				0C68A8911EAE1D44001DD601 /* WZSDKUITests.m */,
				0C68A8931EAE1D44001DD601 /* Info.plist */,
			);
			path = WZSDKUITests;
			sourceTree = "<group>";
		};
		0C68A8C41EAE1EF7001DD601 /* other */ = {
			isa = PBXGroup;
			children = (
				0C68A86F1EAE1D43001DD601 /* AppDelegate.h */,
				0C68A8701EAE1D43001DD601 /* AppDelegate.m */,
				0C68A8C51EAE221E001DD601 /* LaunchScreen.xib */,
				0C68A8781EAE1D43001DD601 /* Assets.xcassets */,
				0C68A87D1EAE1D44001DD601 /* Info.plist */,
				0C68A86C1EAE1D43001DD601 /* Supporting Files */,
			);
			name = other;
			sourceTree = "<group>";
		};
		0C68A8DE1EAE68A8001DD601 /* SVProgressHUD */ = {
			isa = PBXGroup;
			children = (
				0C68A8DF1EAE68A8001DD601 /* SVIndefiniteAnimatedView.h */,
				0C68A8E01EAE68A8001DD601 /* SVIndefiniteAnimatedView.m */,
				0C68A8E11EAE68A8001DD601 /* SVProgressHUD.bundle */,
				0C68A8E21EAE68A8001DD601 /* SVProgressHUD.h */,
				0C68A8E31EAE68A8001DD601 /* SVProgressHUD.m */,
			);
			path = SVProgressHUD;
			sourceTree = "<group>";
		};
		4C4539161EE93EC200641038 /* BleSDK */ = {
			isa = PBXGroup;
			children = (
				4C9BE3901EEA871E00CFC87A /* WZBleSDK */,
				4C4539231EE93EC200641038 /* WZBabyBluetooth */,
				4C4539361EE93EC200641038 /* WZBleSDKInterface.h */,
				4C4539371EE93EC200641038 /* WZBleSDKInterface.m */,
				4C4539381EE93EC200641038 /* WZBluetooh.h */,
				4C4539391EE93EC200641038 /* WZBluetooh.m */,
			);
			path = BleSDK;
			sourceTree = "<group>";
		};
		4C4539231EE93EC200641038 /* WZBabyBluetooth */ = {
			isa = PBXGroup;
			children = (
				4C4539241EE93EC200641038 /* BabyBluetooth.h */,
				4C4539251EE93EC200641038 /* BabyBluetooth.m */,
				4C4539261EE93EC200641038 /* BabyCallback.h */,
				4C4539271EE93EC200641038 /* BabyCallback.m */,
				4C4539281EE93EC200641038 /* BabyCentralManager.h */,
				4C4539291EE93EC200641038 /* BabyCentralManager.m */,
				4C45392A1EE93EC200641038 /* BabyDefine.h */,
				4C45392B1EE93EC200641038 /* BabyDefine.m */,
				4C45392C1EE93EC200641038 /* BabyOptions.h */,
				4C45392D1EE93EC200641038 /* BabyOptions.m */,
				4C45392E1EE93EC200641038 /* BabyPeripheralManager.h */,
				4C45392F1EE93EC200641038 /* BabyPeripheralManager.m */,
				4C4539301EE93EC200641038 /* BabyRhythm.h */,
				4C4539311EE93EC200641038 /* BabyRhythm.m */,
				4C4539321EE93EC200641038 /* BabySpeaker.h */,
				4C4539331EE93EC200641038 /* BabySpeaker.m */,
				4C4539341EE93EC200641038 /* BabyToy.h */,
				4C4539351EE93EC200641038 /* BabyToy.m */,
			);
			path = WZBabyBluetooth;
			sourceTree = "<group>";
		};
		4C4539531EE93F3B00641038 /* NewDemo */ = {
			isa = PBXGroup;
			children = (
				4C45395E1EE93F5200641038 /* DemoViewController.h */,
				4C45395F1EE93F5200641038 /* DemoViewController.m */,
				4C4539601EE93F5200641038 /* DemoViewController.xib */,
				4C45396D1EE93F6700641038 /* ResultViewController.h */,
				4C45396E1EE93F6700641038 /* ResultViewController.m */,
				4C4539571EE93F4900641038 /* HistoryViewController.h */,
				4C4539581EE93F4900641038 /* HistoryViewController.m */,
				4C4539591EE93F4900641038 /* HistoryViewController.xib */,
				4C4539611EE93F5200641038 /* DeviceCell.h */,
				4C4539621EE93F5200641038 /* DeviceCell.m */,
				4C4539631EE93F5200641038 /* DeviceCell.xib */,
				4C4539541EE93F4900641038 /* HistoryInfoCell.h */,
				4C4539551EE93F4900641038 /* HistoryInfoCell.m */,
				4C4539561EE93F4900641038 /* HistoryInfoCell.xib */,
				4C4539681EE93F5C00641038 /* InfoCell.h */,
				4C4539691EE93F5C00641038 /* InfoCell.m */,
				4C45396A1EE93F5C00641038 /* InfoCell.xib */,
			);
			name = NewDemo;
			sourceTree = "<group>";
		};
		4C9BE3901EEA871E00CFC87A /* WZBleSDK */ = {
			isa = PBXGroup;
			children = (
				4C9BE3911EEA871E00CFC87A /* WZBleData.h */,
				4C9BE3921EEA871E00CFC87A /* WZBleData.m */,
				4C9BE3931EEA871E00CFC87A /* WZBleDevice.h */,
				4C9BE3941EEA871E00CFC87A /* WZBleDevice.m */,
				4C9BE3951EEA871E00CFC87A /* WZBleDeviceTools.h */,
				4C9BE3961EEA871E00CFC87A /* WZBleDeviceTools.m */,
				4C9BE3971EEA871E00CFC87A /* WZBleSDK.h */,
				4C9BE3981EEA871E00CFC87A /* WZBleSDKBaseInterface.h */,
				4C9BE3991EEA871E00CFC87A /* WZBleSDKBaseInterface.m */,
				4C9BE39A1EEA871E00CFC87A /* WZHistoryModel.h */,
				4C9BE39B1EEA871E00CFC87A /* WZHistoryModel.m */,
			);
			path = WZBleSDK;
			sourceTree = "<group>";
		};
		76EAF3DDC4C5364ADD5B4124 /* Frameworks */ = {
			isa = PBXGroup;
			children = (
				AA77655478A806434093A558 /* Pods_WZSDK.framework */,
			);
			name = Frameworks;
			sourceTree = "<group>";
		};
		938D0E9D843B15799CEEE060 /* Pods */ = {
			isa = PBXGroup;
			children = (
				F2305DA2EB3652EF6B377E9B /* Pods-WZSDK.debug.xcconfig */,
				D132C8A258BE345D8EC011C9 /* Pods-WZSDK.release.xcconfig */,
			);
			name = Pods;
			sourceTree = "<group>";
		};
/* End PBXGroup section */

/* Begin PBXNativeTarget section */
		0C68A8681EAE1D43001DD601 /* WZSDK */ = {
			isa = PBXNativeTarget;
			buildConfigurationList = 0C68A8961EAE1D44001DD601 /* Build configuration list for PBXNativeTarget "WZSDK" */;
			buildPhases = (
				809AA6CD49151F78EF66528E /* [CP] Check Pods Manifest.lock */,
				0C68A8651EAE1D43001DD601 /* Sources */,
				0C68A8661EAE1D43001DD601 /* Frameworks */,
				0C68A8671EAE1D43001DD601 /* Resources */,
				BF7C56EA1EC8412000A09084 /* Embed Frameworks */,
				DDD339038D6DA39BD244FA64 /* [CP] Embed Pods Frameworks */,
				5B12C816D39405A4D26A2ED4 /* [CP] Copy Pods Resources */,
			);
			buildRules = (
			);
			dependencies = (
			);
			name = WZSDK;
			productName = WZSDK;
			productReference = 0C68A8691EAE1D43001DD601 /* WZSDK.app */;
			productType = "com.apple.product-type.application";
		};
		0C68A8811EAE1D44001DD601 /* WZSDKTests */ = {
			isa = PBXNativeTarget;
			buildConfigurationList = 0C68A8991EAE1D44001DD601 /* Build configuration list for PBXNativeTarget "WZSDKTests" */;
			buildPhases = (
				0C68A87E1EAE1D44001DD601 /* Sources */,
				0C68A87F1EAE1D44001DD601 /* Frameworks */,
				0C68A8801EAE1D44001DD601 /* Resources */,
			);
			buildRules = (
			);
			dependencies = (
				0C68A8841EAE1D44001DD601 /* PBXTargetDependency */,
			);
			name = WZSDKTests;
			productName = WZSDKTests;
			productReference = 0C68A8821EAE1D44001DD601 /* WZSDKTests.xctest */;
			productType = "com.apple.product-type.bundle.unit-test";
		};
		0C68A88C1EAE1D44001DD601 /* WZSDKUITests */ = {
			isa = PBXNativeTarget;
			buildConfigurationList = 0C68A89C1EAE1D44001DD601 /* Build configuration list for PBXNativeTarget "WZSDKUITests" */;
			buildPhases = (
				0C68A8891EAE1D44001DD601 /* Sources */,
				0C68A88A1EAE1D44001DD601 /* Frameworks */,
				0C68A88B1EAE1D44001DD601 /* Resources */,
			);
			buildRules = (
			);
			dependencies = (
				0C68A88F1EAE1D44001DD601 /* PBXTargetDependency */,
			);
			name = WZSDKUITests;
			productName = WZSDKUITests;
			productReference = 0C68A88D1EAE1D44001DD601 /* WZSDKUITests.xctest */;
			productType = "com.apple.product-type.bundle.ui-testing";
		};
/* End PBXNativeTarget section */

/* Begin PBXProject section */
		0C68A8611EAE1D43001DD601 /* Project object */ = {
			isa = PBXProject;
			attributes = {
				LastUpgradeCheck = 0820;
				ORGANIZATIONNAME = "生生";
				TargetAttributes = {
					0C68A8681EAE1D43001DD601 = {
						CreatedOnToolsVersion = 8.2.1;
						DevelopmentTeam = DAQY6CDAVS;
						ProvisioningStyle = Manual;
						SystemCapabilities = {
							com.apple.BackgroundModes = {
								enabled = 0;
							};
						};
					};
					0C68A8811EAE1D44001DD601 = {
						CreatedOnToolsVersion = 8.2.1;
						ProvisioningStyle = Automatic;
						TestTargetID = 0C68A8681EAE1D43001DD601;
					};
					0C68A88C1EAE1D44001DD601 = {
						CreatedOnToolsVersion = 8.2.1;
						ProvisioningStyle = Automatic;
						TestTargetID = 0C68A8681EAE1D43001DD601;
					};
				};
			};
			buildConfigurationList = 0C68A8641EAE1D43001DD601 /* Build configuration list for PBXProject "WZSDK" */;
			compatibilityVersion = "Xcode 3.2";
			developmentRegion = English;
			hasScannedForEncodings = 0;
			knownRegions = (
				en,
				Base,
			);
			mainGroup = 0C68A8601EAE1D43001DD601;
			productRefGroup = 0C68A86A1EAE1D43001DD601 /* Products */;
			projectDirPath = "";
			projectRoot = "";
			targets = (
				0C68A8681EAE1D43001DD601 /* WZSDK */,
				0C68A8811EAE1D44001DD601 /* WZSDKTests */,
				0C68A88C1EAE1D44001DD601 /* WZSDKUITests */,
			);
		};
/* End PBXProject section */

/* Begin PBXResourcesBuildPhase section */
		0C68A8671EAE1D43001DD601 /* Resources */ = {
			isa = PBXResourcesBuildPhase;
			buildActionMask = 2147483647;
			files = (
				4C45395B1EE93F4900641038 /* HistoryInfoCell.xib in Resources */,
				4C45396C1EE93F5C00641038 /* InfoCell.xib in Resources */,
				4C4539481EE93F0F00641038 /* dfuwzV1.1.6.zip in Resources */,
				36EF15C01EDB0028009C82B2 /* dfuwzV1.1.3.zip in Resources */,
				36C9CF851EDE988E008E116A /* dfuwzV1.1.5.zip in Resources */,
				0C68A8E51EAE68A8001DD601 /* SVProgressHUD.bundle in Resources */,
				52A7D2E01EF3C5090078BF99 /* dfuwzV1.2.2.zip in Resources */,
				4C45395D1EE93F4900641038 /* HistoryViewController.xib in Resources */,
				4C4539651EE93F5200641038 /* DemoViewController.xib in Resources */,
				4C4539671EE93F5200641038 /* DeviceCell.xib in Resources */,
				0C68A8C71EAE221E001DD601 /* LaunchScreen.xib in Resources */,
				36E91DE21ED6CDB400982C33 /* dfuwzV1.1.4.zip in Resources */,
				0C68A8791EAE1D43001DD601 /* Assets.xcassets in Resources */,
			);
			runOnlyForDeploymentPostprocessing = 0;
		};
		0C68A8801EAE1D44001DD601 /* Resources */ = {
			isa = PBXResourcesBuildPhase;
			buildActionMask = 2147483647;
			files = (
			);
			runOnlyForDeploymentPostprocessing = 0;
		};
		0C68A88B1EAE1D44001DD601 /* Resources */ = {
			isa = PBXResourcesBuildPhase;
			buildActionMask = 2147483647;
			files = (
			);
			runOnlyForDeploymentPostprocessing = 0;
		};
/* End PBXResourcesBuildPhase section */

/* Begin PBXShellScriptBuildPhase section */
		5B12C816D39405A4D26A2ED4 /* [CP] Copy Pods Resources */ = {
			isa = PBXShellScriptBuildPhase;
			buildActionMask = 2147483647;
			files = (
			);
			inputPaths = (
			);
			name = "[CP] Copy Pods Resources";
			outputPaths = (
			);
			runOnlyForDeploymentPostprocessing = 0;
			shellPath = /bin/sh;
			shellScript = "\"${SRCROOT}/Pods/Target Support Files/Pods-WZSDK/Pods-WZSDK-resources.sh\"\n";
			showEnvVarsInLog = 0;
		};
		809AA6CD49151F78EF66528E /* [CP] Check Pods Manifest.lock */ = {
			isa = PBXShellScriptBuildPhase;
			buildActionMask = 2147483647;
			files = (
			);
			inputPaths = (
			);
			name = "[CP] Check Pods Manifest.lock";
			outputPaths = (
			);
			runOnlyForDeploymentPostprocessing = 0;
			shellPath = /bin/sh;
			shellScript = "diff \"${PODS_PODFILE_DIR_PATH}/Podfile.lock\" \"${PODS_ROOT}/Manifest.lock\" > /dev/null\nif [ $? != 0 ] ; then\n    # print error to STDERR\n    echo \"error: The sandbox is not in sync with the Podfile.lock. Run 'pod install' or update your CocoaPods installation.\" >&2\n    exit 1\nfi\n";
			showEnvVarsInLog = 0;
		};
		DDD339038D6DA39BD244FA64 /* [CP] Embed Pods Frameworks */ = {
			isa = PBXShellScriptBuildPhase;
			buildActionMask = 2147483647;
			files = (
			);
			inputPaths = (
			);
			name = "[CP] Embed Pods Frameworks";
			outputPaths = (
			);
			runOnlyForDeploymentPostprocessing = 0;
			shellPath = /bin/sh;
			shellScript = "\"${SRCROOT}/Pods/Target Support Files/Pods-WZSDK/Pods-WZSDK-frameworks.sh\"\n";
			showEnvVarsInLog = 0;
		};
/* End PBXShellScriptBuildPhase section */

/* Begin PBXSourcesBuildPhase section */
		0C68A8651EAE1D43001DD601 /* Sources */ = {
			isa = PBXSourcesBuildPhase;
			buildActionMask = 2147483647;
			files = (
				0C68A8711EAE1D43001DD601 /* AppDelegate.m in Sources */,
				4C4539461EE93EC200641038 /* WZBluetooh.m in Sources */,
				4C45396F1EE93F6700641038 /* ResultViewController.m in Sources */,
				4C4539641EE93F5200641038 /* DemoViewController.m in Sources */,
				4C9BE39F1EEA871E00CFC87A /* WZBleSDKBaseInterface.m in Sources */,
				0C68A8E41EAE68A8001DD601 /* SVIndefiniteAnimatedView.m in Sources */,
				4C4539431EE93EC200641038 /* BabySpeaker.m in Sources */,
				4C9BE39C1EEA871E00CFC87A /* WZBleData.m in Sources */,
				4C4539421EE93EC200641038 /* BabyRhythm.m in Sources */,
				4C45395A1EE93F4900641038 /* HistoryInfoCell.m in Sources */,
				4C4539451EE93EC200641038 /* WZBleSDKInterface.m in Sources */,
				4C9BE39E1EEA871E00CFC87A /* WZBleDeviceTools.m in Sources */,
				4C45396B1EE93F5C00641038 /* InfoCell.m in Sources */,
				4C4539661EE93F5200641038 /* DeviceCell.m in Sources */,
				4C45393E1EE93EC200641038 /* BabyCentralManager.m in Sources */,
				0C68A8E61EAE68A8001DD601 /* SVProgressHUD.m in Sources */,
				4C45393D1EE93EC200641038 /* BabyCallback.m in Sources */,
				4C45393F1EE93EC200641038 /* BabyDefine.m in Sources */,
				4C9BE39D1EEA871E00CFC87A /* WZBleDevice.m in Sources */,
				4C4539411EE93EC200641038 /* BabyPeripheralManager.m in Sources */,
				4C4539441EE93EC200641038 /* BabyToy.m in Sources */,
				4C45393C1EE93EC200641038 /* BabyBluetooth.m in Sources */,
				4C45395C1EE93F4900641038 /* HistoryViewController.m in Sources */,
				4C9BE3A01EEA871E00CFC87A /* WZHistoryModel.m in Sources */,
				0C68A86E1EAE1D43001DD601 /* main.m in Sources */,
				4C4539401EE93EC200641038 /* BabyOptions.m in Sources */,
			);
			runOnlyForDeploymentPostprocessing = 0;
		};
		0C68A87E1EAE1D44001DD601 /* Sources */ = {
			isa = PBXSourcesBuildPhase;
			buildActionMask = 2147483647;
			files = (
				0C68A8871EAE1D44001DD601 /* WZSDKTests.m in Sources */,
			);
			runOnlyForDeploymentPostprocessing = 0;
		};
		0C68A8891EAE1D44001DD601 /* Sources */ = {
			isa = PBXSourcesBuildPhase;
			buildActionMask = 2147483647;
			files = (
				0C68A8921EAE1D44001DD601 /* WZSDKUITests.m in Sources */,
			);
			runOnlyForDeploymentPostprocessing = 0;
		};
/* End PBXSourcesBuildPhase section */

/* Begin PBXTargetDependency section */
		0C68A8841EAE1D44001DD601 /* PBXTargetDependency */ = {
			isa = PBXTargetDependency;
			target = 0C68A8681EAE1D43001DD601 /* WZSDK */;
			targetProxy = 0C68A8831EAE1D44001DD601 /* PBXContainerItemProxy */;
		};
		0C68A88F1EAE1D44001DD601 /* PBXTargetDependency */ = {
			isa = PBXTargetDependency;
			target = 0C68A8681EAE1D43001DD601 /* WZSDK */;
			targetProxy = 0C68A88E1EAE1D44001DD601 /* PBXContainerItemProxy */;
		};
/* End PBXTargetDependency section */

/* Begin PBXVariantGroup section */
		0C68A8C51EAE221E001DD601 /* LaunchScreen.xib */ = {
			isa = PBXVariantGroup;
			children = (
				0C68A8C61EAE221E001DD601 /* Base */,
			);
			name = LaunchScreen.xib;
			sourceTree = "<group>";
		};
/* End PBXVariantGroup section */

/* Begin XCBuildConfiguration section */
		0C68A8941EAE1D44001DD601 /* Debug */ = {
			isa = XCBuildConfiguration;
			buildSettings = {
				ALWAYS_SEARCH_USER_PATHS = NO;
				CLANG_ANALYZER_NONNULL = YES;
				CLANG_CXX_LANGUAGE_STANDARD = "gnu++0x";
				CLANG_CXX_LIBRARY = "libc++";
				CLANG_ENABLE_MODULES = YES;
				CLANG_ENABLE_OBJC_ARC = YES;
				CLANG_WARN_BOOL_CONVERSION = YES;
				CLANG_WARN_CONSTANT_CONVERSION = YES;
				CLANG_WARN_DIRECT_OBJC_ISA_USAGE = YES_ERROR;
				CLANG_WARN_DOCUMENTATION_COMMENTS = YES;
				CLANG_WARN_EMPTY_BODY = YES;
				CLANG_WARN_ENUM_CONVERSION = YES;
				CLANG_WARN_INFINITE_RECURSION = YES;
				CLANG_WARN_INT_CONVERSION = YES;
				CLANG_WARN_OBJC_ROOT_CLASS = YES_ERROR;
				CLANG_WARN_SUSPICIOUS_MOVE = YES;
				CLANG_WARN_UNREACHABLE_CODE = YES;
				CLANG_WARN__DUPLICATE_METHOD_MATCH = YES;
				"CODE_SIGN_IDENTITY[sdk=iphoneos*]" = "iPhone Developer";
				COPY_PHASE_STRIP = NO;
				DEBUG_INFORMATION_FORMAT = dwarf;
				ENABLE_STRICT_OBJC_MSGSEND = YES;
				ENABLE_TESTABILITY = YES;
				GCC_C_LANGUAGE_STANDARD = gnu99;
				GCC_DYNAMIC_NO_PIC = NO;
				GCC_NO_COMMON_BLOCKS = YES;
				GCC_OPTIMIZATION_LEVEL = 0;
				GCC_PREPROCESSOR_DEFINITIONS = (
					"DEBUG=1",
					"$(inherited)",
				);
				GCC_WARN_64_TO_32_BIT_CONVERSION = YES;
				GCC_WARN_ABOUT_RETURN_TYPE = YES_ERROR;
				GCC_WARN_UNDECLARED_SELECTOR = YES;
				GCC_WARN_UNINITIALIZED_AUTOS = YES_AGGRESSIVE;
				GCC_WARN_UNUSED_FUNCTION = YES;
				GCC_WARN_UNUSED_VARIABLE = YES;
				IPHONEOS_DEPLOYMENT_TARGET = 10.2;
				MTL_ENABLE_DEBUG_INFO = YES;
				ONLY_ACTIVE_ARCH = YES;
				SDKROOT = iphoneos;
				TARGETED_DEVICE_FAMILY = "1,2";
				VALID_ARCHS = arm64;
			};
			name = Debug;
		};
		0C68A8951EAE1D44001DD601 /* Release */ = {
			isa = XCBuildConfiguration;
			buildSettings = {
				ALWAYS_SEARCH_USER_PATHS = NO;
				CLANG_ANALYZER_NONNULL = YES;
				CLANG_CXX_LANGUAGE_STANDARD = "gnu++0x";
				CLANG_CXX_LIBRARY = "libc++";
				CLANG_ENABLE_MODULES = YES;
				CLANG_ENABLE_OBJC_ARC = YES;
				CLANG_WARN_BOOL_CONVERSION = YES;
				CLANG_WARN_CONSTANT_CONVERSION = YES;
				CLANG_WARN_DIRECT_OBJC_ISA_USAGE = YES_ERROR;
				CLANG_WARN_DOCUMENTATION_COMMENTS = YES;
				CLANG_WARN_EMPTY_BODY = YES;
				CLANG_WARN_ENUM_CONVERSION = YES;
				CLANG_WARN_INFINITE_RECURSION = YES;
				CLANG_WARN_INT_CONVERSION = YES;
				CLANG_WARN_OBJC_ROOT_CLASS = YES_ERROR;
				CLANG_WARN_SUSPICIOUS_MOVE = YES;
				CLANG_WARN_UNREACHABLE_CODE = YES;
				CLANG_WARN__DUPLICATE_METHOD_MATCH = YES;
				"CODE_SIGN_IDENTITY[sdk=iphoneos*]" = "iPhone Developer";
				COPY_PHASE_STRIP = NO;
				DEBUG_INFORMATION_FORMAT = "dwarf-with-dsym";
				ENABLE_NS_ASSERTIONS = NO;
				ENABLE_STRICT_OBJC_MSGSEND = YES;
				GCC_C_LANGUAGE_STANDARD = gnu99;
				GCC_NO_COMMON_BLOCKS = YES;
				GCC_WARN_64_TO_32_BIT_CONVERSION = YES;
				GCC_WARN_ABOUT_RETURN_TYPE = YES_ERROR;
				GCC_WARN_UNDECLARED_SELECTOR = YES;
				GCC_WARN_UNINITIALIZED_AUTOS = YES_AGGRESSIVE;
				GCC_WARN_UNUSED_FUNCTION = YES;
				GCC_WARN_UNUSED_VARIABLE = YES;
				IPHONEOS_DEPLOYMENT_TARGET = 10.2;
				MTL_ENABLE_DEBUG_INFO = NO;
				ONLY_ACTIVE_ARCH = YES;
				SDKROOT = iphoneos;
				TARGETED_DEVICE_FAMILY = "1,2";
				VALIDATE_PRODUCT = YES;
				VALID_ARCHS = arm64;
			};
			name = Release;
		};
		0C68A8971EAE1D44001DD601 /* Debug */ = {
			isa = XCBuildConfiguration;
			baseConfigurationReference = F2305DA2EB3652EF6B377E9B /* Pods-WZSDK.debug.xcconfig */;
			buildSettings = {
				ALWAYS_EMBED_SWIFT_STANDARD_LIBRARIES = YES;
				ALWAYS_SEARCH_USER_PATHS = NO;
				ASSETCATALOG_COMPILER_APPICON_NAME = AppIcon;
				CODE_SIGN_IDENTITY = "iPhone Distribution: Shenzhen All-See-Own Digital Technology Co.,Ltd";
				"CODE_SIGN_IDENTITY[sdk=iphoneos*]" = "iPhone Distribution";
				DEVELOPMENT_TEAM = DAQY6CDAVS;
				ENABLE_BITCODE = NO;
				FRAMEWORK_SEARCH_PATHS = (
					"$(inherited)",
					"$(PROJECT_DIR)",
				);
				INFOPLIST_FILE = WZSDK/Info.plist;
				IPHONEOS_DEPLOYMENT_TARGET = 8.0;
				LD_RUNPATH_SEARCH_PATHS = "$(inherited) @executable_path/Frameworks";
				LIBRARY_SEARCH_PATHS = (
					"$(inherited)",
					"$(PROJECT_DIR)/WZSDK/BleSDK",
				);
				MACH_O_TYPE = mh_execute;
				ONLY_ACTIVE_ARCH = NO;
				OTHER_LDFLAGS = "";
				PRODUCT_BUNDLE_IDENTIFIER = com.blesdk;
				PRODUCT_NAME = "$(TARGET_NAME)";
				PROVISIONING_PROFILE = "5770aa6b-cc19-4bf1-8ff5-5c547d80a1c1";
				PROVISIONING_PROFILE_SPECIFIER = blesdk;
				SDKROOT = iphoneos;
				VALID_ARCHS = arm64;
			};
			name = Debug;
		};
		0C68A8981EAE1D44001DD601 /* Release */ = {
			isa = XCBuildConfiguration;
			baseConfigurationReference = D132C8A258BE345D8EC011C9 /* Pods-WZSDK.release.xcconfig */;
			buildSettings = {
				ALWAYS_EMBED_SWIFT_STANDARD_LIBRARIES = YES;
				ALWAYS_SEARCH_USER_PATHS = NO;
				ASSETCATALOG_COMPILER_APPICON_NAME = AppIcon;
				CODE_SIGN_IDENTITY = "iPhone Distribution: Shenzhen All-See-Own Digital Technology Co.,Ltd";
				"CODE_SIGN_IDENTITY[sdk=iphoneos*]" = "iPhone Distribution";
				DEVELOPMENT_TEAM = DAQY6CDAVS;
				ENABLE_BITCODE = NO;
				FRAMEWORK_SEARCH_PATHS = (
					"$(inherited)",
					"$(PROJECT_DIR)",
				);
				INFOPLIST_FILE = WZSDK/Info.plist;
				IPHONEOS_DEPLOYMENT_TARGET = 8.0;
				LD_RUNPATH_SEARCH_PATHS = "$(inherited) @executable_path/Frameworks";
				LIBRARY_SEARCH_PATHS = (
					"$(inherited)",
					"$(PROJECT_DIR)/WZSDK/BleSDK",
				);
				MACH_O_TYPE = mh_execute;
				ONLY_ACTIVE_ARCH = NO;
				OTHER_LDFLAGS = "";
				PRODUCT_BUNDLE_IDENTIFIER = com.blesdk;
				PRODUCT_NAME = "$(TARGET_NAME)";
				PROVISIONING_PROFILE = "5770aa6b-cc19-4bf1-8ff5-5c547d80a1c1";
				PROVISIONING_PROFILE_SPECIFIER = blesdk;
				SDKROOT = iphoneos;
				VALID_ARCHS = arm64;
			};
			name = Release;
		};
		0C68A89A1EAE1D44001DD601 /* Debug */ = {
			isa = XCBuildConfiguration;
			buildSettings = {
				BUNDLE_LOADER = "$(TEST_HOST)";
				ENABLE_BITCODE = YES;
				INFOPLIST_FILE = WZSDKTests/Info.plist;
				LD_RUNPATH_SEARCH_PATHS = "$(inherited) @executable_path/Frameworks @loader_path/Frameworks";
				PRODUCT_BUNDLE_IDENTIFIER = WZ.WZSDKTests;
				PRODUCT_NAME = "$(TARGET_NAME)";
				TEST_HOST = "$(BUILT_PRODUCTS_DIR)/WZSDK.app/WZSDK";
			};
			name = Debug;
		};
		0C68A89B1EAE1D44001DD601 /* Release */ = {
			isa = XCBuildConfiguration;
			buildSettings = {
				BUNDLE_LOADER = "$(TEST_HOST)";
				ENABLE_BITCODE = YES;
				INFOPLIST_FILE = WZSDKTests/Info.plist;
				LD_RUNPATH_SEARCH_PATHS = "$(inherited) @executable_path/Frameworks @loader_path/Frameworks";
				PRODUCT_BUNDLE_IDENTIFIER = WZ.WZSDKTests;
				PRODUCT_NAME = "$(TARGET_NAME)";
				TEST_HOST = "$(BUILT_PRODUCTS_DIR)/WZSDK.app/WZSDK";
			};
			name = Release;
		};
		0C68A89D1EAE1D44001DD601 /* Debug */ = {
			isa = XCBuildConfiguration;
			buildSettings = {
				ENABLE_BITCODE = YES;
				FRAMEWORK_SEARCH_PATHS = (
					"$(inherited)",
					"$(PROJECT_DIR)",
				);
				INFOPLIST_FILE = WZSDKUITests/Info.plist;
				LD_RUNPATH_SEARCH_PATHS = "$(inherited) @executable_path/Frameworks @loader_path/Frameworks";
				PRODUCT_BUNDLE_IDENTIFIER = WZ.WZSDKUITests;
				PRODUCT_NAME = "$(TARGET_NAME)";
				TEST_TARGET_NAME = WZSDK;
			};
			name = Debug;
		};
		0C68A89E1EAE1D44001DD601 /* Release */ = {
			isa = XCBuildConfiguration;
			buildSettings = {
				ENABLE_BITCODE = YES;
				FRAMEWORK_SEARCH_PATHS = (
					"$(inherited)",
					"$(PROJECT_DIR)",
				);
				INFOPLIST_FILE = WZSDKUITests/Info.plist;
				LD_RUNPATH_SEARCH_PATHS = "$(inherited) @executable_path/Frameworks @loader_path/Frameworks";
				PRODUCT_BUNDLE_IDENTIFIER = WZ.WZSDKUITests;
				PRODUCT_NAME = "$(TARGET_NAME)";
				TEST_TARGET_NAME = WZSDK;
			};
			name = Release;
		};
/* End XCBuildConfiguration section */

/* Begin XCConfigurationList section */
		0C68A8641EAE1D43001DD601 /* Build configuration list for PBXProject "WZSDK" */ = {
			isa = XCConfigurationList;
			buildConfigurations = (
				0C68A8941EAE1D44001DD601 /* Debug */,
				0C68A8951EAE1D44001DD601 /* Release */,
			);
			defaultConfigurationIsVisible = 0;
			defaultConfigurationName = Release;
		};
		0C68A8961EAE1D44001DD601 /* Build configuration list for PBXNativeTarget "WZSDK" */ = {
			isa = XCConfigurationList;
			buildConfigurations = (
				0C68A8971EAE1D44001DD601 /* Debug */,
				0C68A8981EAE1D44001DD601 /* Release */,
			);
			defaultConfigurationIsVisible = 0;
			defaultConfigurationName = Release;
		};
		0C68A8991EAE1D44001DD601 /* Build configuration list for PBXNativeTarget "WZSDKTests" */ = {
			isa = XCConfigurationList;
			buildConfigurations = (
				0C68A89A1EAE1D44001DD601 /* Debug */,
				0C68A89B1EAE1D44001DD601 /* Release */,
			);
			defaultConfigurationIsVisible = 0;
			defaultConfigurationName = Release;
		};
		0C68A89C1EAE1D44001DD601 /* Build configuration list for PBXNativeTarget "WZSDKUITests" */ = {
			isa = XCConfigurationList;
			buildConfigurations = (
				0C68A89D1EAE1D44001DD601 /* Debug */,
				0C68A89E1EAE1D44001DD601 /* Release */,
			);
			defaultConfigurationIsVisible = 0;
			defaultConfigurationName = Release;
		};
/* End XCConfigurationList section */
	};
	rootObject = 0C68A8611EAE1D43001DD601 /* Project object */;
}
