// !$*UTF8*$!
{
	archiveVersion = 1;
	classes = {
	};
	objectVersion = 46;
	objects = {

/* Begin PBXBuildFile section */
		52B124E21EE80E9B007EEAE1 /* WZBleData.m in Sources */ = {isa = PBXBuildFile; fileRef = 52B124D81EE80E9B007EEAE1 /* WZBleData.m */; };
		52B124E31EE80E9B007EEAE1 /* WZBleDevice.m in Sources */ = {isa = PBXBuildFile; fileRef = 52B124DA1EE80E9B007EEAE1 /* WZBleDevice.m */; };
		52B124E41EE80E9B007EEAE1 /* WZBleDeviceTools.m in Sources */ = {isa = PBXBuildFile; fileRef = 52B124DC1EE80E9B007EEAE1 /* WZBleDeviceTools.m */; };
		52B124E51EE80E9B007EEAE1 /* WZBleSDKBaseInterface.m in Sources */ = {isa = PBXBuildFile; fileRef = 52B124DF1EE80E9B007EEAE1 /* WZBleSDKBaseInterface.m */; };
		52B124E61EE80E9B007EEAE1 /* WZHistoryModel.m in Sources */ = {isa = PBXBuildFile; fileRef = 52B124E11EE80E9B007EEAE1 /* WZHistoryModel.m */; };
		52B124E71EE80EDA007EEAE1 /* WZBleData.h in CopyFiles */ = {isa = PBXBuildFile; fileRef = 52B124D71EE80E9B007EEAE1 /* WZBleData.h */; };
		52B124E81EE80EDA007EEAE1 /* WZBleDevice.h in CopyFiles */ = {isa = PBXBuildFile; fileRef = 52B124D91EE80E9B007EEAE1 /* WZBleDevice.h */; };
		52B124E91EE80EDA007EEAE1 /* WZBleDeviceTools.h in CopyFiles */ = {isa = PBXBuildFile; fileRef = 52B124DB1EE80E9B007EEAE1 /* WZBleDeviceTools.h */; };
		52B124EA1EE80EDA007EEAE1 /* WZBleSDK.h in CopyFiles */ = {isa = PBXBuildFile; fileRef = 52B124DD1EE80E9B007EEAE1 /* WZBleSDK.h */; };
		52B124EB1EE80EDA007EEAE1 /* WZBleSDKBaseInterface.h in CopyFiles */ = {isa = PBXBuildFile; fileRef = 52B124DE1EE80E9B007EEAE1 /* WZBleSDKBaseInterface.h */; };
		52B124EC1EE80EDA007EEAE1 /* WZHistoryModel.h in CopyFiles */ = {isa = PBXBuildFile; fileRef = 52B124E01EE80E9B007EEAE1 /* WZHistoryModel.h */; };
/* End PBXBuildFile section */

/* Begin PBXCopyFilesBuildPhase section */
		52B124C91EE80E72007EEAE1 /* CopyFiles */ = {
			isa = PBXCopyFilesBuildPhase;
			buildActionMask = 2147483647;
			dstPath = "include/$(PRODUCT_NAME)";
			dstSubfolderSpec = 16;
			files = (
				52B124E71EE80EDA007EEAE1 /* WZBleData.h in CopyFiles */,
				52B124E81EE80EDA007EEAE1 /* WZBleDevice.h in CopyFiles */,
				52B124E91EE80EDA007EEAE1 /* WZBleDeviceTools.h in CopyFiles */,
				52B124EA1EE80EDA007EEAE1 /* WZBleSDK.h in CopyFiles */,
				52B124EB1EE80EDA007EEAE1 /* WZBleSDKBaseInterface.h in CopyFiles */,
				52B124EC1EE80EDA007EEAE1 /* WZHistoryModel.h in CopyFiles */,
			);
			runOnlyForDeploymentPostprocessing = 0;
		};
/* End PBXCopyFilesBuildPhase section */

/* Begin PBXFileReference section */
		52B124CB1EE80E72007EEAE1 /* libWZBleSDK.a */ = {isa = PBXFileReference; explicitFileType = archive.ar; includeInIndex = 0; path = libWZBleSDK.a; sourceTree = BUILT_PRODUCTS_DIR; };
		52B124D71EE80E9B007EEAE1 /* WZBleData.h */ = {isa = PBXFileReference; fileEncoding = 4; lastKnownFileType = sourcecode.c.h; path = WZBleData.h; sourceTree = "<group>"; };
		52B124D81EE80E9B007EEAE1 /* WZBleData.m */ = {isa = PBXFileReference; fileEncoding = 4; lastKnownFileType = sourcecode.c.objc; path = WZBleData.m; sourceTree = "<group>"; };
		52B124D91EE80E9B007EEAE1 /* WZBleDevice.h */ = {isa = PBXFileReference; fileEncoding = 4; lastKnownFileType = sourcecode.c.h; path = WZBleDevice.h; sourceTree = "<group>"; };
		52B124DA1EE80E9B007EEAE1 /* WZBleDevice.m */ = {isa = PBXFileReference; fileEncoding = 4; lastKnownFileType = sourcecode.c.objc; path = WZBleDevice.m; sourceTree = "<group>"; };
		52B124DB1EE80E9B007EEAE1 /* WZBleDeviceTools.h */ = {isa = PBXFileReference; fileEncoding = 4; lastKnownFileType = sourcecode.c.h; path = WZBleDeviceTools.h; sourceTree = "<group>"; };
		52B124DC1EE80E9B007EEAE1 /* WZBleDeviceTools.m */ = {isa = PBXFileReference; fileEncoding = 4; lastKnownFileType = sourcecode.c.objc; path = WZBleDeviceTools.m; sourceTree = "<group>"; };
		52B124DD1EE80E9B007EEAE1 /* WZBleSDK.h */ = {isa = PBXFileReference; fileEncoding = 4; lastKnownFileType = sourcecode.c.h; path = WZBleSDK.h; sourceTree = "<group>"; };
		52B124DE1EE80E9B007EEAE1 /* WZBleSDKBaseInterface.h */ = {isa = PBXFileReference; fileEncoding = 4; lastKnownFileType = sourcecode.c.h; path = WZBleSDKBaseInterface.h; sourceTree = "<group>"; };
		52B124DF1EE80E9B007EEAE1 /* WZBleSDKBaseInterface.m */ = {isa = PBXFileReference; fileEncoding = 4; lastKnownFileType = sourcecode.c.objc; path = WZBleSDKBaseInterface.m; sourceTree = "<group>"; };
		52B124E01EE80E9B007EEAE1 /* WZHistoryModel.h */ = {isa = PBXFileReference; fileEncoding = 4; lastKnownFileType = sourcecode.c.h; path = WZHistoryModel.h; sourceTree = "<group>"; };
		52B124E11EE80E9B007EEAE1 /* WZHistoryModel.m */ = {isa = PBXFileReference; fileEncoding = 4; lastKnownFileType = sourcecode.c.objc; path = WZHistoryModel.m; sourceTree = "<group>"; };
/* End PBXFileReference section */

/* Begin PBXFrameworksBuildPhase section */
		52B124C81EE80E72007EEAE1 /* Frameworks */ = {
			isa = PBXFrameworksBuildPhase;
			buildActionMask = 2147483647;
			files = (
			);
			runOnlyForDeploymentPostprocessing = 0;
		};
/* End PBXFrameworksBuildPhase section */

/* Begin PBXGroup section */
		52B124C21EE80E72007EEAE1 = {
			isa = PBXGroup;
			children = (
				52B124CD1EE80E72007EEAE1 /* WZBleSDK */,
				52B124CC1EE80E72007EEAE1 /* Products */,
			);
			sourceTree = "<group>";
		};
		52B124CC1EE80E72007EEAE1 /* Products */ = {
			isa = PBXGroup;
			children = (
				52B124CB1EE80E72007EEAE1 /* libWZBleSDK.a */,
			);
			name = Products;
			sourceTree = "<group>";
		};
		52B124CD1EE80E72007EEAE1 /* WZBleSDK */ = {
			isa = PBXGroup;
			children = (
				52B124D71EE80E9B007EEAE1 /* WZBleData.h */,
				52B124D81EE80E9B007EEAE1 /* WZBleData.m */,
				52B124D91EE80E9B007EEAE1 /* WZBleDevice.h */,
				52B124DA1EE80E9B007EEAE1 /* WZBleDevice.m */,
				52B124DB1EE80E9B007EEAE1 /* WZBleDeviceTools.h */,
				52B124DC1EE80E9B007EEAE1 /* WZBleDeviceTools.m */,
				52B124DD1EE80E9B007EEAE1 /* WZBleSDK.h */,
				52B124DE1EE80E9B007EEAE1 /* WZBleSDKBaseInterface.h */,
				52B124DF1EE80E9B007EEAE1 /* WZBleSDKBaseInterface.m */,
				52B124E01EE80E9B007EEAE1 /* WZHistoryModel.h */,
				52B124E11EE80E9B007EEAE1 /* WZHistoryModel.m */,
			);
			path = WZBleSDK;
			sourceTree = "<group>";
		};
/* End PBXGroup section */

/* Begin PBXNativeTarget section */
		52B124CA1EE80E72007EEAE1 /* WZBleSDK */ = {
			isa = PBXNativeTarget;
			buildConfigurationList = 52B124D41EE80E72007EEAE1 /* Build configuration list for PBXNativeTarget "WZBleSDK" */;
			buildPhases = (
				52B124C71EE80E72007EEAE1 /* Sources */,
				52B124C81EE80E72007EEAE1 /* Frameworks */,
				52B124C91EE80E72007EEAE1 /* CopyFiles */,
			);
			buildRules = (
			);
			dependencies = (
			);
			name = WZBleSDK;
			productName = WZBleSDK;
			productReference = 52B124CB1EE80E72007EEAE1 /* libWZBleSDK.a */;
			productType = "com.apple.product-type.library.static";
		};
/* End PBXNativeTarget section */

/* Begin PBXProject section */
		52B124C31EE80E72007EEAE1 /* Project object */ = {
			isa = PBXProject;
			attributes = {
				LastUpgradeCheck = 0830;
				ORGANIZATIONNAME = "gyor zou";
				TargetAttributes = {
					52B124CA1EE80E72007EEAE1 = {
						CreatedOnToolsVersion = 8.3.3;
						ProvisioningStyle = Automatic;
					};
				};
			};
			buildConfigurationList = 52B124C61EE80E72007EEAE1 /* Build configuration list for PBXProject "WZBleSDK" */;
			compatibilityVersion = "Xcode 3.2";
			developmentRegion = English;
			hasScannedForEncodings = 0;
			knownRegions = (
				en,
			);
			mainGroup = 52B124C21EE80E72007EEAE1;
			productRefGroup = 52B124CC1EE80E72007EEAE1 /* Products */;
			projectDirPath = "";
			projectRoot = "";
			targets = (
				52B124CA1EE80E72007EEAE1 /* WZBleSDK */,
			);
		};
/* End PBXProject section */

/* Begin PBXSourcesBuildPhase section */
		52B124C71EE80E72007EEAE1 /* Sources */ = {
			isa = PBXSourcesBuildPhase;
			buildActionMask = 2147483647;
			files = (
				52B124E51EE80E9B007EEAE1 /* WZBleSDKBaseInterface.m in Sources */,
				52B124E61EE80E9B007EEAE1 /* WZHistoryModel.m in Sources */,
				52B124E31EE80E9B007EEAE1 /* WZBleDevice.m in Sources */,
				52B124E41EE80E9B007EEAE1 /* WZBleDeviceTools.m in Sources */,
				52B124E21EE80E9B007EEAE1 /* WZBleData.m in Sources */,
			);
			runOnlyForDeploymentPostprocessing = 0;
		};
/* End PBXSourcesBuildPhase section */

/* Begin XCBuildConfiguration section */
		52B124D21EE80E72007EEAE1 /* Debug */ = {
			isa = XCBuildConfiguration;
			buildSettings = {
				ALWAYS_SEARCH_USER_PATHS = NO;
				CLANG_ANALYZER_NONNULL = YES;
				CLANG_ANALYZER_NUMBER_OBJECT_CONVERSION = YES_AGGRESSIVE;
				CLANG_CXX_LANGUAGE_STANDARD = "gnu++0x";
				CLANG_CXX_LIBRARY = "libc++";
				CLANG_ENABLE_MODULES = YES;
				CLANG_ENABLE_OBJC_ARC = YES;
				CLANG_WARN_BOOL_CONVERSION = YES;
				CLANG_WARN_CONSTANT_CONVERSION = YES;
				CLANG_WARN_DIRECT_OBJC_ISA_USAGE = YES_ERROR;
				CLANG_WARN_DOCUMENTATION_COMMENTS = YES;
				CLANG_WARN_EMPTY_BODY = YES;
				CLANG_WARN_ENUM_CONVERSION = YES;
				CLANG_WARN_INFINITE_RECURSION = YES;
				CLANG_WARN_INT_CONVERSION = YES;
				CLANG_WARN_OBJC_ROOT_CLASS = YES_ERROR;
				CLANG_WARN_SUSPICIOUS_MOVE = YES;
				CLANG_WARN_UNREACHABLE_CODE = YES;
				CLANG_WARN__DUPLICATE_METHOD_MATCH = YES;
				"CODE_SIGN_IDENTITY[sdk=iphoneos*]" = "iPhone Developer";
				COPY_PHASE_STRIP = NO;
				DEBUG_INFORMATION_FORMAT = dwarf;
				ENABLE_STRICT_OBJC_MSGSEND = YES;
				ENABLE_TESTABILITY = YES;
				GCC_C_LANGUAGE_STANDARD = gnu99;
				GCC_DYNAMIC_NO_PIC = NO;
				GCC_NO_COMMON_BLOCKS = YES;
				GCC_OPTIMIZATION_LEVEL = 0;
				GCC_PREPROCESSOR_DEFINITIONS = (
					"DEBUG=1",
					"$(inherited)",
				);
				GCC_WARN_64_TO_32_BIT_CONVERSION = YES;
				GCC_WARN_ABOUT_RETURN_TYPE = YES_ERROR;
				GCC_WARN_UNDECLARED_SELECTOR = YES;
				GCC_WARN_UNINITIALIZED_AUTOS = YES_AGGRESSIVE;
				GCC_WARN_UNUSED_FUNCTION = YES;
				GCC_WARN_UNUSED_VARIABLE = YES;
				IPHONEOS_DEPLOYMENT_TARGET = 10.3;
				MTL_ENABLE_DEBUG_INFO = YES;
				ONLY_ACTIVE_ARCH = YES;
				SDKROOT = iphoneos;
			};
			name = Debug;
		};
		52B124D31EE80E72007EEAE1 /* Release */ = {
			isa = XCBuildConfiguration;
			buildSettings = {
				ALWAYS_SEARCH_USER_PATHS = NO;
				CLANG_ANALYZER_NONNULL = YES;
				CLANG_ANALYZER_NUMBER_OBJECT_CONVERSION = YES_AGGRESSIVE;
				CLANG_CXX_LANGUAGE_STANDARD = "gnu++0x";
				CLANG_CXX_LIBRARY = "libc++";
				CLANG_ENABLE_MODULES = YES;
				CLANG_ENABLE_OBJC_ARC = YES;
				CLANG_WARN_BOOL_CONVERSION = YES;
				CLANG_WARN_CONSTANT_CONVERSION = YES;
				CLANG_WARN_DIRECT_OBJC_ISA_USAGE = YES_ERROR;
				CLANG_WARN_DOCUMENTATION_COMMENTS = YES;
				CLANG_WARN_EMPTY_BODY = YES;
				CLANG_WARN_ENUM_CONVERSION = YES;
				CLANG_WARN_INFINITE_RECURSION = YES;
				CLANG_WARN_INT_CONVERSION = YES;
				CLANG_WARN_OBJC_ROOT_CLASS = YES_ERROR;
				CLANG_WARN_SUSPICIOUS_MOVE = YES;
				CLANG_WARN_UNREACHABLE_CODE = YES;
				CLANG_WARN__DUPLICATE_METHOD_MATCH = YES;
				"CODE_SIGN_IDENTITY[sdk=iphoneos*]" = "iPhone Developer";
				COPY_PHASE_STRIP = NO;
				DEBUG_INFORMATION_FORMAT = "dwarf-with-dsym";
				ENABLE_NS_ASSERTIONS = NO;
				ENABLE_STRICT_OBJC_MSGSEND = YES;
				GCC_C_LANGUAGE_STANDARD = gnu99;
				GCC_NO_COMMON_BLOCKS = YES;
				GCC_WARN_64_TO_32_BIT_CONVERSION = YES;
				GCC_WARN_ABOUT_RETURN_TYPE = YES_ERROR;
				GCC_WARN_UNDECLARED_SELECTOR = YES;
				GCC_WARN_UNINITIALIZED_AUTOS = YES_AGGRESSIVE;
				GCC_WARN_UNUSED_FUNCTION = YES;
				GCC_WARN_UNUSED_VARIABLE = YES;
				IPHONEOS_DEPLOYMENT_TARGET = 10.3;
				MTL_ENABLE_DEBUG_INFO = NO;
				SDKROOT = iphoneos;
				VALIDATE_PRODUCT = YES;
			};
			name = Release;
		};
		52B124D51EE80E72007EEAE1 /* Debug */ = {
			isa = XCBuildConfiguration;
			buildSettings = {
				OTHER_LDFLAGS = "-ObjC";
				PRODUCT_NAME = "$(TARGET_NAME)";
				SKIP_INSTALL = YES;
			};
			name = Debug;
		};
		52B124D61EE80E72007EEAE1 /* Release */ = {
			isa = XCBuildConfiguration;
			buildSettings = {
				OTHER_LDFLAGS = "-ObjC";
				PRODUCT_NAME = "$(TARGET_NAME)";
				SKIP_INSTALL = YES;
			};
			name = Release;
		};
/* End XCBuildConfiguration section */

/* Begin XCConfigurationList section */
		52B124C61EE80E72007EEAE1 /* Build configuration list for PBXProject "WZBleSDK" */ = {
			isa = XCConfigurationList;
			buildConfigurations = (
				52B124D21EE80E72007EEAE1 /* Debug */,
				52B124D31EE80E72007EEAE1 /* Release */,
			);
			defaultConfigurationIsVisible = 0;
			defaultConfigurationName = Release;
		};
		52B124D41EE80E72007EEAE1 /* Build configuration list for PBXNativeTarget "WZBleSDK" */ = {
			isa = XCConfigurationList;
			buildConfigurations = (
				52B124D51EE80E72007EEAE1 /* Debug */,
				52B124D61EE80E72007EEAE1 /* Release */,
			);
			defaultConfigurationIsVisible = 0;
		};
/* End XCConfigurationList section */
	};
	rootObject = 52B124C31EE80E72007EEAE1 /* Project object */;
}
